
Microsoft Visual Studio Solution File, Format Version 12.00
# Visual Studio Version 16
VisualStudioVersion = 16.0.30907.101
MinimumVisualStudioVersion = 10.0.40219.1
Project("{888888A0-9F3D-457C-B088-3A5042F75D52}") = "NumberRecognizer", "NumberRecognizer\NumberRecognizer.pyproj", "{C6952248-516E-4457-B18C-0B525981C6F9}"
EndProject
Global
	GlobalSection(SolutionConfigurationPlatforms) = preSolution
		Debug|Any CPU = Debug|Any CPU
		Release|Any CPU = Release|Any CPU
	EndGlobalSection
	GlobalSection(ProjectConfigurationPlatforms) = postSolution
		{C6952248-516E-4457-B18C-0B525981C6F9}.Debug|Any CPU.ActiveCfg = Debug|Any CPU
		{C6952248-516E-4457-B18C-0B525981C6F9}.Release|Any CPU.ActiveCfg = Release|Any CPU
	EndGlobalSection
	GlobalSection(SolutionProperties) = preSolution
		HideSolutionNode = FALSE
	EndGlobalSection
	GlobalSection(ExtensibilityGlobals) = postSolution
		SolutionGuid = {42CACD2E-E7C9-435C-9886-A048D5D4E1E1}
	EndGlobalSection
EndGlobal
